// !$*UTF8*$!
{
	archiveVersion = 1;
	classes = {
	};
	objectVersion = 56;
	objects = {

/* Begin PBXBuildFile section */
		DD71A2382A3F2BE600AC1D16 /* RMCharacterDetailViewController.swift in Sources */ = {isa = PBXBuildFile; fileRef = DD71A2372A3F2BE600AC1D16 /* RMCharacterDetailViewController.swift */; };
		DD71A23A2A3F2D1000AC1D16 /* RMCharacterDetailView.swift in Sources */ = {isa = PBXBuildFile; fileRef = DD71A2392A3F2D1000AC1D16 /* RMCharacterDetailView.swift */; };
		DD71A23C2A3F2EFA00AC1D16 /* RMCharacterDetailViewViewModel.swift in Sources */ = {isa = PBXBuildFile; fileRef = DD71A23B2A3F2EFA00AC1D16 /* RMCharacterDetailViewViewModel.swift */; };
		DDC7B2E82A3B16B100749CCD /* RMCharacterCollectionViewCellViewModel.swift in Sources */ = {isa = PBXBuildFile; fileRef = DDC7B2E72A3B16B100749CCD /* RMCharacterCollectionViewCellViewModel.swift */; };
		DDDA991D2A2356EE0043C658 /* AppDelegate.swift in Sources */ = {isa = PBXBuildFile; fileRef = DDDA991C2A2356EE0043C658 /* AppDelegate.swift */; };
		DDDA991F2A2356EE0043C658 /* SceneDelegate.swift in Sources */ = {isa = PBXBuildFile; fileRef = DDDA991E2A2356EE0043C658 /* SceneDelegate.swift */; };
		DDDA99212A2356EE0043C658 /* RMTabBarController.swift in Sources */ = {isa = PBXBuildFile; fileRef = DDDA99202A2356EE0043C658 /* RMTabBarController.swift */; };
		DDDA99272A2356EF0043C658 /* RickAndMorth.xcdatamodeld in Sources */ = {isa = PBXBuildFile; fileRef = DDDA99252A2356EF0043C658 /* RickAndMorth.xcdatamodeld */; };
		DDDA99292A2356F10043C658 /* Assets.xcassets in Resources */ = {isa = PBXBuildFile; fileRef = DDDA99282A2356F10043C658 /* Assets.xcassets */; };
		DDDA992C2A2356F10043C658 /* LaunchScreen.storyboard in Resources */ = {isa = PBXBuildFile; fileRef = DDDA992A2A2356F10043C658 /* LaunchScreen.storyboard */; };
		DDDA993B2A24C6D10043C658 /* RMLocation.swift in Sources */ = {isa = PBXBuildFile; fileRef = DDDA993A2A24C6D10043C658 /* RMLocation.swift */; };
		DDDA993D2A24C6EA0043C658 /* RMCharacter.swift in Sources */ = {isa = PBXBuildFile; fileRef = DDDA993C2A24C6EA0043C658 /* RMCharacter.swift */; };
		DDDA993F2A24C7080043C658 /* RMEpisode.swift in Sources */ = {isa = PBXBuildFile; fileRef = DDDA993E2A24C7080043C658 /* RMEpisode.swift */; };
		DDDA99422A24C96B0043C658 /* RMCharacterViewController.swift in Sources */ = {isa = PBXBuildFile; fileRef = DDDA99412A24C96B0043C658 /* RMCharacterViewController.swift */; };
		DDDA99442A24C98E0043C658 /* RMLocationViewController.swift in Sources */ = {isa = PBXBuildFile; fileRef = DDDA99432A24C98E0043C658 /* RMLocationViewController.swift */; };
		DDDA99462A24C9AD0043C658 /* RMEpisodeViewController.swift in Sources */ = {isa = PBXBuildFile; fileRef = DDDA99452A24C9AD0043C658 /* RMEpisodeViewController.swift */; };
		DDDA99482A24C9C60043C658 /* RMSettingsViewController.swift in Sources */ = {isa = PBXBuildFile; fileRef = DDDA99472A24C9C60043C658 /* RMSettingsViewController.swift */; };
		DDDA994A2A24DA430043C658 /* RMService.swift in Sources */ = {isa = PBXBuildFile; fileRef = DDDA99492A24DA430043C658 /* RMService.swift */; };
		DDDA994C2A24DA650043C658 /* RMRequest.swift in Sources */ = {isa = PBXBuildFile; fileRef = DDDA994B2A24DA650043C658 /* RMRequest.swift */; };
		DDDA994E2A24DBBD0043C658 /* RMEndpoint.swift in Sources */ = {isa = PBXBuildFile; fileRef = DDDA994D2A24DBBD0043C658 /* RMEndpoint.swift */; };
		DDDA99502A24E3D00043C658 /* RMOrigin.swift in Sources */ = {isa = PBXBuildFile; fileRef = DDDA994F2A24E3D00043C658 /* RMOrigin.swift */; };
		DDDA99522A24E4650043C658 /* RMSingleLocation.swift in Sources */ = {isa = PBXBuildFile; fileRef = DDDA99512A24E4650043C658 /* RMSingleLocation.swift */; };
		DDDA99542A24E6300043C658 /* RMCharacterStatus.swift in Sources */ = {isa = PBXBuildFile; fileRef = DDDA99532A24E6300043C658 /* RMCharacterStatus.swift */; };
		DDDA99562A24E6870043C658 /* RMCharacterGender.swift in Sources */ = {isa = PBXBuildFile; fileRef = DDDA99552A24E6870043C658 /* RMCharacterGender.swift */; };
		DDDA995A2A28D94A0043C658 /* RMGetAllCharactersResponse.swift in Sources */ = {isa = PBXBuildFile; fileRef = DDDA99592A28D94A0043C658 /* RMGetAllCharactersResponse.swift */; };
		DDDA995C2A2C817E0043C658 /* RMCharacterListView.swift in Sources */ = {isa = PBXBuildFile; fileRef = DDDA995B2A2C817D0043C658 /* RMCharacterListView.swift */; };
		DDDA995E2A2C844D0043C658 /* RMCharacterListViewViewModel.swift in Sources */ = {isa = PBXBuildFile; fileRef = DDDA995D2A2C844D0043C658 /* RMCharacterListViewViewModel.swift */; };
		DDDA99602A2C8DBF0043C658 /* Extensions.swift in Sources */ = {isa = PBXBuildFile; fileRef = DDDA995F2A2C8DBF0043C658 /* Extensions.swift */; };
		DDDA99622A2E21C80043C658 /* RMCharacterCollectionViewCell.swift in Sources */ = {isa = PBXBuildFile; fileRef = DDDA99612A2E21C80043C658 /* RMCharacterCollectionViewCell.swift */; };
/* End PBXBuildFile section */

/* Begin PBXFileReference section */
		DD71A2372A3F2BE600AC1D16 /* RMCharacterDetailViewController.swift */ = {isa = PBXFileReference; lastKnownFileType = sourcecode.swift; path = RMCharacterDetailViewController.swift; sourceTree = "<group>"; };
		DD71A2392A3F2D1000AC1D16 /* RMCharacterDetailView.swift */ = {isa = PBXFileReference; lastKnownFileType = sourcecode.swift; path = RMCharacterDetailView.swift; sourceTree = "<group>"; };
		DD71A23B2A3F2EFA00AC1D16 /* RMCharacterDetailViewViewModel.swift */ = {isa = PBXFileReference; lastKnownFileType = sourcecode.swift; path = RMCharacterDetailViewViewModel.swift; sourceTree = "<group>"; };
		DDC7B2E72A3B16B100749CCD /* RMCharacterCollectionViewCellViewModel.swift */ = {isa = PBXFileReference; lastKnownFileType = sourcecode.swift; path = RMCharacterCollectionViewCellViewModel.swift; sourceTree = "<group>"; };
		DDDA99192A2356EE0043C658 /* RickAndMorth.app */ = {isa = PBXFileReference; explicitFileType = wrapper.application; includeInIndex = 0; path = RickAndMorth.app; sourceTree = BUILT_PRODUCTS_DIR; };
		DDDA991C2A2356EE0043C658 /* AppDelegate.swift */ = {isa = PBXFileReference; lastKnownFileType = sourcecode.swift; path = AppDelegate.swift; sourceTree = "<group>"; };
		DDDA991E2A2356EE0043C658 /* SceneDelegate.swift */ = {isa = PBXFileReference; lastKnownFileType = sourcecode.swift; path = SceneDelegate.swift; sourceTree = "<group>"; };
		DDDA99202A2356EE0043C658 /* RMTabBarController.swift */ = {isa = PBXFileReference; lastKnownFileType = sourcecode.swift; path = RMTabBarController.swift; sourceTree = "<group>"; };
		DDDA99262A2356EF0043C658 /* RickAndMorth.xcdatamodel */ = {isa = PBXFileReference; lastKnownFileType = wrapper.xcdatamodel; path = RickAndMorth.xcdatamodel; sourceTree = "<group>"; };
		DDDA99282A2356F10043C658 /* Assets.xcassets */ = {isa = PBXFileReference; lastKnownFileType = folder.assetcatalog; path = Assets.xcassets; sourceTree = "<group>"; };
		DDDA992B2A2356F10043C658 /* Base */ = {isa = PBXFileReference; lastKnownFileType = file.storyboard; name = Base; path = Base.lproj/LaunchScreen.storyboard; sourceTree = "<group>"; };
		DDDA992D2A2356F10043C658 /* Info.plist */ = {isa = PBXFileReference; lastKnownFileType = text.plist.xml; path = Info.plist; sourceTree = "<group>"; };
		DDDA993A2A24C6D10043C658 /* RMLocation.swift */ = {isa = PBXFileReference; lastKnownFileType = sourcecode.swift; path = RMLocation.swift; sourceTree = "<group>"; };
		DDDA993C2A24C6EA0043C658 /* RMCharacter.swift */ = {isa = PBXFileReference; lastKnownFileType = sourcecode.swift; path = RMCharacter.swift; sourceTree = "<group>"; };
		DDDA993E2A24C7080043C658 /* RMEpisode.swift */ = {isa = PBXFileReference; lastKnownFileType = sourcecode.swift; path = RMEpisode.swift; sourceTree = "<group>"; };
		DDDA99412A24C96B0043C658 /* RMCharacterViewController.swift */ = {isa = PBXFileReference; lastKnownFileType = sourcecode.swift; path = RMCharacterViewController.swift; sourceTree = "<group>"; };
		DDDA99432A24C98E0043C658 /* RMLocationViewController.swift */ = {isa = PBXFileReference; lastKnownFileType = sourcecode.swift; path = RMLocationViewController.swift; sourceTree = "<group>"; };
		DDDA99452A24C9AD0043C658 /* RMEpisodeViewController.swift */ = {isa = PBXFileReference; lastKnownFileType = sourcecode.swift; path = RMEpisodeViewController.swift; sourceTree = "<group>"; };
		DDDA99472A24C9C60043C658 /* RMSettingsViewController.swift */ = {isa = PBXFileReference; lastKnownFileType = sourcecode.swift; path = RMSettingsViewController.swift; sourceTree = "<group>"; };
		DDDA99492A24DA430043C658 /* RMService.swift */ = {isa = PBXFileReference; lastKnownFileType = sourcecode.swift; path = RMService.swift; sourceTree = "<group>"; };
		DDDA994B2A24DA650043C658 /* RMRequest.swift */ = {isa = PBXFileReference; lastKnownFileType = sourcecode.swift; path = RMRequest.swift; sourceTree = "<group>"; };
		DDDA994D2A24DBBD0043C658 /* RMEndpoint.swift */ = {isa = PBXFileReference; lastKnownFileType = sourcecode.swift; path = RMEndpoint.swift; sourceTree = "<group>"; };
		DDDA994F2A24E3D00043C658 /* RMOrigin.swift */ = {isa = PBXFileReference; lastKnownFileType = sourcecode.swift; path = RMOrigin.swift; sourceTree = "<group>"; };
		DDDA99512A24E4650043C658 /* RMSingleLocation.swift */ = {isa = PBXFileReference; lastKnownFileType = sourcecode.swift; path = RMSingleLocation.swift; sourceTree = "<group>"; };
		DDDA99532A24E6300043C658 /* RMCharacterStatus.swift */ = {isa = PBXFileReference; lastKnownFileType = sourcecode.swift; path = RMCharacterStatus.swift; sourceTree = "<group>"; };
		DDDA99552A24E6870043C658 /* RMCharacterGender.swift */ = {isa = PBXFileReference; lastKnownFileType = sourcecode.swift; path = RMCharacterGender.swift; sourceTree = "<group>"; };
		DDDA99592A28D94A0043C658 /* RMGetAllCharactersResponse.swift */ = {isa = PBXFileReference; lastKnownFileType = sourcecode.swift; path = RMGetAllCharactersResponse.swift; sourceTree = "<group>"; };
		DDDA995B2A2C817D0043C658 /* RMCharacterListView.swift */ = {isa = PBXFileReference; lastKnownFileType = sourcecode.swift; path = RMCharacterListView.swift; sourceTree = "<group>"; };
		DDDA995D2A2C844D0043C658 /* RMCharacterListViewViewModel.swift */ = {isa = PBXFileReference; lastKnownFileType = sourcecode.swift; path = RMCharacterListViewViewModel.swift; sourceTree = "<group>"; };
		DDDA995F2A2C8DBF0043C658 /* Extensions.swift */ = {isa = PBXFileReference; lastKnownFileType = sourcecode.swift; path = Extensions.swift; sourceTree = "<group>"; };
		DDDA99612A2E21C80043C658 /* RMCharacterCollectionViewCell.swift */ = {isa = PBXFileReference; lastKnownFileType = sourcecode.swift; path = RMCharacterCollectionViewCell.swift; sourceTree = "<group>"; };
/* End PBXFileReference section */

/* Begin PBXFrameworksBuildPhase section */
		DDDA99162A2356EE0043C658 /* Frameworks */ = {
			isa = PBXFrameworksBuildPhase;
			buildActionMask = 2147483647;
			files = (
			);
			runOnlyForDeploymentPostprocessing = 0;
		};
/* End PBXFrameworksBuildPhase section */

/* Begin PBXGroup section */
		DD71A2362A3F2BBE00AC1D16 /* Other */ = {
			isa = PBXGroup;
			children = (
				DD71A2372A3F2BE600AC1D16 /* RMCharacterDetailViewController.swift */,
			);
			path = Other;
			sourceTree = "<group>";
		};
		DDDA99102A2356EE0043C658 = {
			isa = PBXGroup;
			children = (
				DDDA991B2A2356EE0043C658 /* RickAndMorth */,
				DDDA991A2A2356EE0043C658 /* Products */,
			);
			sourceTree = "<group>";
		};
		DDDA991A2A2356EE0043C658 /* Products */ = {
			isa = PBXGroup;
			children = (
				DDDA99192A2356EE0043C658 /* RickAndMorth.app */,
			);
			name = Products;
			sourceTree = "<group>";
		};
		DDDA991B2A2356EE0043C658 /* RickAndMorth */ = {
			isa = PBXGroup;
			children = (
				DDDA99392A2358EC0043C658 /* Resources */,
				DDDA99382A2358D80043C658 /* APIClient */,
				DDDA99372A2358BE0043C658 /* Managers */,
				DDDA99362A2358A20043C658 /* ViewModels */,
				DDDA99352A23588E0043C658 /* Views */,
				DDDA99342A2358860043C658 /* Models */,
				DDDA99332A2358770043C658 /* Controllers */,
				DDDA992D2A2356F10043C658 /* Info.plist */,
				DDDA99252A2356EF0043C658 /* RickAndMorth.xcdatamodeld */,
			);
			path = RickAndMorth;
			sourceTree = "<group>";
		};
		DDDA99332A2358770043C658 /* Controllers */ = {
			isa = PBXGroup;
			children = (
				DD71A2362A3F2BBE00AC1D16 /* Other */,
				DDDA99402A24C8CF0043C658 /* Core */,
			);
			path = Controllers;
			sourceTree = "<group>";
		};
		DDDA99342A2358860043C658 /* Models */ = {
			isa = PBXGroup;
			children = (
				DDDA99582A28D9170043C658 /* APIResponseTypes */,
				DDDA99572A28D8FB0043C658 /* DataTypes */,
			);
			path = Models;
			sourceTree = "<group>";
		};
		DDDA99352A23588E0043C658 /* Views */ = {
			isa = PBXGroup;
			children = (
				DDDA995B2A2C817D0043C658 /* RMCharacterListView.swift */,
				DDDA99612A2E21C80043C658 /* RMCharacterCollectionViewCell.swift */,
				DD71A2392A3F2D1000AC1D16 /* RMCharacterDetailView.swift */,
			);
			path = Views;
			sourceTree = "<group>";
		};
		DDDA99362A2358A20043C658 /* ViewModels */ = {
			isa = PBXGroup;
			children = (
				DDDA995D2A2C844D0043C658 /* RMCharacterListViewViewModel.swift */,
				DDC7B2E72A3B16B100749CCD /* RMCharacterCollectionViewCellViewModel.swift */,
				DD71A23B2A3F2EFA00AC1D16 /* RMCharacterDetailViewViewModel.swift */,
			);
			path = ViewModels;
			sourceTree = "<group>";
		};
		DDDA99372A2358BE0043C658 /* Managers */ = {
			isa = PBXGroup;
			children = (
			);
			path = Managers;
			sourceTree = "<group>";
		};
		DDDA99382A2358D80043C658 /* APIClient */ = {
			isa = PBXGroup;
			children = (
				DDDA99492A24DA430043C658 /* RMService.swift */,
				DDDA994B2A24DA650043C658 /* RMRequest.swift */,
				DDDA994D2A24DBBD0043C658 /* RMEndpoint.swift */,
			);
			path = APIClient;
			sourceTree = "<group>";
		};
		DDDA99392A2358EC0043C658 /* Resources */ = {
			isa = PBXGroup;
			children = (
				DDDA991C2A2356EE0043C658 /* AppDelegate.swift */,
				DDDA991E2A2356EE0043C658 /* SceneDelegate.swift */,
				DDDA99282A2356F10043C658 /* Assets.xcassets */,
				DDDA992A2A2356F10043C658 /* LaunchScreen.storyboard */,
				DDDA995F2A2C8DBF0043C658 /* Extensions.swift */,
			);
			path = Resources;
			sourceTree = "<group>";
		};
		DDDA99402A24C8CF0043C658 /* Core */ = {
			isa = PBXGroup;
			children = (
				DDDA99202A2356EE0043C658 /* RMTabBarController.swift */,
				DDDA99412A24C96B0043C658 /* RMCharacterViewController.swift */,
				DDDA99432A24C98E0043C658 /* RMLocationViewController.swift */,
				DDDA99452A24C9AD0043C658 /* RMEpisodeViewController.swift */,
				DDDA99472A24C9C60043C658 /* RMSettingsViewController.swift */,
			);
			path = Core;
			sourceTree = "<group>";
		};
		DDDA99572A28D8FB0043C658 /* DataTypes */ = {
			isa = PBXGroup;
			children = (
				DDDA993A2A24C6D10043C658 /* RMLocation.swift */,
				DDDA993C2A24C6EA0043C658 /* RMCharacter.swift */,
				DDDA993E2A24C7080043C658 /* RMEpisode.swift */,
				DDDA994F2A24E3D00043C658 /* RMOrigin.swift */,
				DDDA99512A24E4650043C658 /* RMSingleLocation.swift */,
				DDDA99532A24E6300043C658 /* RMCharacterStatus.swift */,
				DDDA99552A24E6870043C658 /* RMCharacterGender.swift */,
			);
			path = DataTypes;
			sourceTree = "<group>";
		};
		DDDA99582A28D9170043C658 /* APIResponseTypes */ = {
			isa = PBXGroup;
			children = (
				DDDA99592A28D94A0043C658 /* RMGetAllCharactersResponse.swift */,
			);
			path = APIResponseTypes;
			sourceTree = "<group>";
		};
/* End PBXGroup section */

/* Begin PBXNativeTarget section */
		DDDA99182A2356EE0043C658 /* RickAndMorth */ = {
			isa = PBXNativeTarget;
			buildConfigurationList = DDDA99302A2356F10043C658 /* Build configuration list for PBXNativeTarget "RickAndMorth" */;
			buildPhases = (
				DDDA99152A2356EE0043C658 /* Sources */,
				DDDA99162A2356EE0043C658 /* Frameworks */,
				DDDA99172A2356EE0043C658 /* Resources */,
			);
			buildRules = (
			);
			dependencies = (
			);
			name = RickAndMorth;
			productName = RickAndMorth;
			productReference = DDDA99192A2356EE0043C658 /* RickAndMorth.app */;
			productType = "com.apple.product-type.application";
		};
/* End PBXNativeTarget section */

/* Begin PBXProject section */
		DDDA99112A2356EE0043C658 /* Project object */ = {
			isa = PBXProject;
			attributes = {
				BuildIndependentTargetsInParallel = 1;
				LastSwiftUpdateCheck = 1420;
				LastUpgradeCheck = 1420;
				TargetAttributes = {
					DDDA99182A2356EE0043C658 = {
						CreatedOnToolsVersion = 14.2;
					};
				};
			};
			buildConfigurationList = DDDA99142A2356EE0043C658 /* Build configuration list for PBXProject "RickAndMorth" */;
			compatibilityVersion = "Xcode 14.0";
			developmentRegion = en;
			hasScannedForEncodings = 0;
			knownRegions = (
				en,
				Base,
			);
			mainGroup = DDDA99102A2356EE0043C658;
			productRefGroup = DDDA991A2A2356EE0043C658 /* Products */;
			projectDirPath = "";
			projectRoot = "";
			targets = (
				DDDA99182A2356EE0043C658 /* RickAndMorth */,
			);
		};
/* End PBXProject section */

/* Begin PBXResourcesBuildPhase section */
		DDDA99172A2356EE0043C658 /* Resources */ = {
			isa = PBXResourcesBuildPhase;
			buildActionMask = 2147483647;
			files = (
				DDDA992C2A2356F10043C658 /* LaunchScreen.storyboard in Resources */,
				DDDA99292A2356F10043C658 /* Assets.xcassets in Resources */,
			);
			runOnlyForDeploymentPostprocessing = 0;
		};
/* End PBXResourcesBuildPhase section */

/* Begin PBXSourcesBuildPhase section */
		DDDA99152A2356EE0043C658 /* Sources */ = {
			isa = PBXSourcesBuildPhase;
			buildActionMask = 2147483647;
			files = (
				DDDA99442A24C98E0043C658 /* RMLocationViewController.swift in Sources */,
				DDDA99212A2356EE0043C658 /* RMTabBarController.swift in Sources */,
				DDDA995C2A2C817E0043C658 /* RMCharacterListView.swift in Sources */,
				DDDA994A2A24DA430043C658 /* RMService.swift in Sources */,
				DDDA991D2A2356EE0043C658 /* AppDelegate.swift in Sources */,
				DDDA995E2A2C844D0043C658 /* RMCharacterListViewViewModel.swift in Sources */,
				DDDA99462A24C9AD0043C658 /* RMEpisodeViewController.swift in Sources */,
				DDDA994E2A24DBBD0043C658 /* RMEndpoint.swift in Sources */,
				DDDA993F2A24C7080043C658 /* RMEpisode.swift in Sources */,
				DDDA99602A2C8DBF0043C658 /* Extensions.swift in Sources */,
				DDDA994C2A24DA650043C658 /* RMRequest.swift in Sources */,
				DD71A2382A3F2BE600AC1D16 /* RMCharacterDetailViewController.swift in Sources */,
				DDDA99482A24C9C60043C658 /* RMSettingsViewController.swift in Sources */,
				DDDA99542A24E6300043C658 /* RMCharacterStatus.swift in Sources */,
				DDDA993D2A24C6EA0043C658 /* RMCharacter.swift in Sources */,
				DDDA99562A24E6870043C658 /* RMCharacterGender.swift in Sources */,
				DD71A23C2A3F2EFA00AC1D16 /* RMCharacterDetailViewViewModel.swift in Sources */,
				DDDA993B2A24C6D10043C658 /* RMLocation.swift in Sources */,
				DDDA99522A24E4650043C658 /* RMSingleLocation.swift in Sources */,
				DD71A23A2A3F2D1000AC1D16 /* RMCharacterDetailView.swift in Sources */,
				DDDA995A2A28D94A0043C658 /* RMGetAllCharactersResponse.swift in Sources */,
				DDDA99422A24C96B0043C658 /* RMCharacterViewController.swift in Sources */,
				DDDA99622A2E21C80043C658 /* RMCharacterCollectionViewCell.swift in Sources */,
				DDDA991F2A2356EE0043C658 /* SceneDelegate.swift in Sources */,
				DDDA99502A24E3D00043C658 /* RMOrigin.swift in Sources */,
				DDC7B2E82A3B16B100749CCD /* RMCharacterCollectionViewCellViewModel.swift in Sources */,
				DDDA99272A2356EF0043C658 /* RickAndMorth.xcdatamodeld in Sources */,
			);
			runOnlyForDeploymentPostprocessing = 0;
		};
/* End PBXSourcesBuildPhase section */

/* Begin PBXVariantGroup section */
		DDDA992A2A2356F10043C658 /* LaunchScreen.storyboard */ = {
			isa = PBXVariantGroup;
			children = (
				DDDA992B2A2356F10043C658 /* Base */,
			);
			name = LaunchScreen.storyboard;
			sourceTree = "<group>";
		};
/* End PBXVariantGroup section */

/* Begin XCBuildConfiguration section */
		DDDA992E2A2356F10043C658 /* Debug */ = {
			isa = XCBuildConfiguration;
			buildSettings = {
				ALWAYS_SEARCH_USER_PATHS = NO;
				CLANG_ANALYZER_NONNULL = YES;
				CLANG_ANALYZER_NUMBER_OBJECT_CONVERSION = YES_AGGRESSIVE;
				CLANG_CXX_LANGUAGE_STANDARD = "gnu++20";
				CLANG_ENABLE_MODULES = YES;
				CLANG_ENABLE_OBJC_ARC = YES;
				CLANG_ENABLE_OBJC_WEAK = YES;
				CLANG_WARN_BLOCK_CAPTURE_AUTORELEASING = YES;
				CLANG_WARN_BOOL_CONVERSION = YES;
				CLANG_WARN_COMMA = YES;
				CLANG_WARN_CONSTANT_CONVERSION = YES;
				CLANG_WARN_DEPRECATED_OBJC_IMPLEMENTATIONS = YES;
				CLANG_WARN_DIRECT_OBJC_ISA_USAGE = YES_ERROR;
				CLANG_WARN_DOCUMENTATION_COMMENTS = YES;
				CLANG_WARN_EMPTY_BODY = YES;
				CLANG_WARN_ENUM_CONVERSION = YES;
				CLANG_WARN_INFINITE_RECURSION = YES;
				CLANG_WARN_INT_CONVERSION = YES;
				CLANG_WARN_NON_LITERAL_NULL_CONVERSION = YES;
				CLANG_WARN_OBJC_IMPLICIT_RETAIN_SELF = YES;
				CLANG_WARN_OBJC_LITERAL_CONVERSION = YES;
				CLANG_WARN_OBJC_ROOT_CLASS = YES_ERROR;
				CLANG_WARN_QUOTED_INCLUDE_IN_FRAMEWORK_HEADER = YES;
				CLANG_WARN_RANGE_LOOP_ANALYSIS = YES;
				CLANG_WARN_STRICT_PROTOTYPES = YES;
				CLANG_WARN_SUSPICIOUS_MOVE = YES;
				CLANG_WARN_UNGUARDED_AVAILABILITY = YES_AGGRESSIVE;
				CLANG_WARN_UNREACHABLE_CODE = YES;
				CLANG_WARN__DUPLICATE_METHOD_MATCH = YES;
				COPY_PHASE_STRIP = NO;
				DEBUG_INFORMATION_FORMAT = dwarf;
				ENABLE_STRICT_OBJC_MSGSEND = YES;
				ENABLE_TESTABILITY = YES;
				GCC_C_LANGUAGE_STANDARD = gnu11;
				GCC_DYNAMIC_NO_PIC = NO;
				GCC_NO_COMMON_BLOCKS = YES;
				GCC_OPTIMIZATION_LEVEL = 0;
				GCC_PREPROCESSOR_DEFINITIONS = (
					"DEBUG=1",
					"$(inherited)",
				);
				GCC_WARN_64_TO_32_BIT_CONVERSION = YES;
				GCC_WARN_ABOUT_RETURN_TYPE = YES_ERROR;
				GCC_WARN_UNDECLARED_SELECTOR = YES;
				GCC_WARN_UNINITIALIZED_AUTOS = YES_AGGRESSIVE;
				GCC_WARN_UNUSED_FUNCTION = YES;
				GCC_WARN_UNUSED_VARIABLE = YES;
				IPHONEOS_DEPLOYMENT_TARGET = 16.2;
				MTL_ENABLE_DEBUG_INFO = INCLUDE_SOURCE;
				MTL_FAST_MATH = YES;
				ONLY_ACTIVE_ARCH = YES;
				SDKROOT = iphoneos;
				SWIFT_ACTIVE_COMPILATION_CONDITIONS = DEBUG;
				SWIFT_OPTIMIZATION_LEVEL = "-Onone";
			};
			name = Debug;
		};
		DDDA992F2A2356F10043C658 /* Release */ = {
			isa = XCBuildConfiguration;
			buildSettings = {
				ALWAYS_SEARCH_USER_PATHS = NO;
				CLANG_ANALYZER_NONNULL = YES;
				CLANG_ANALYZER_NUMBER_OBJECT_CONVERSION = YES_AGGRESSIVE;
				CLANG_CXX_LANGUAGE_STANDARD = "gnu++20";
				CLANG_ENABLE_MODULES = YES;
				CLANG_ENABLE_OBJC_ARC = YES;
				CLANG_ENABLE_OBJC_WEAK = YES;
				CLANG_WARN_BLOCK_CAPTURE_AUTORELEASING = YES;
				CLANG_WARN_BOOL_CONVERSION = YES;
				CLANG_WARN_COMMA = YES;
				CLANG_WARN_CONSTANT_CONVERSION = YES;
				CLANG_WARN_DEPRECATED_OBJC_IMPLEMENTATIONS = YES;
				CLANG_WARN_DIRECT_OBJC_ISA_USAGE = YES_ERROR;
				CLANG_WARN_DOCUMENTATION_COMMENTS = YES;
				CLANG_WARN_EMPTY_BODY = YES;
				CLANG_WARN_ENUM_CONVERSION = YES;
				CLANG_WARN_INFINITE_RECURSION = YES;
				CLANG_WARN_INT_CONVERSION = YES;
				CLANG_WARN_NON_LITERAL_NULL_CONVERSION = YES;
				CLANG_WARN_OBJC_IMPLICIT_RETAIN_SELF = YES;
				CLANG_WARN_OBJC_LITERAL_CONVERSION = YES;
				CLANG_WARN_OBJC_ROOT_CLASS = YES_ERROR;
				CLANG_WARN_QUOTED_INCLUDE_IN_FRAMEWORK_HEADER = YES;
				CLANG_WARN_RANGE_LOOP_ANALYSIS = YES;
				CLANG_WARN_STRICT_PROTOTYPES = YES;
				CLANG_WARN_SUSPICIOUS_MOVE = YES;
				CLANG_WARN_UNGUARDED_AVAILABILITY = YES_AGGRESSIVE;
				CLANG_WARN_UNREACHABLE_CODE = YES;
				CLANG_WARN__DUPLICATE_METHOD_MATCH = YES;
				COPY_PHASE_STRIP = NO;
				DEBUG_INFORMATION_FORMAT = "dwarf-with-dsym";
				ENABLE_NS_ASSERTIONS = NO;
				ENABLE_STRICT_OBJC_MSGSEND = YES;
				GCC_C_LANGUAGE_STANDARD = gnu11;
				GCC_NO_COMMON_BLOCKS = YES;
				GCC_WARN_64_TO_32_BIT_CONVERSION = YES;
				GCC_WARN_ABOUT_RETURN_TYPE = YES_ERROR;
				GCC_WARN_UNDECLARED_SELECTOR = YES;
				GCC_WARN_UNINITIALIZED_AUTOS = YES_AGGRESSIVE;
				GCC_WARN_UNUSED_FUNCTION = YES;
				GCC_WARN_UNUSED_VARIABLE = YES;
				IPHONEOS_DEPLOYMENT_TARGET = 16.2;
				MTL_ENABLE_DEBUG_INFO = NO;
				MTL_FAST_MATH = YES;
				SDKROOT = iphoneos;
				SWIFT_COMPILATION_MODE = wholemodule;
				SWIFT_OPTIMIZATION_LEVEL = "-O";
				VALIDATE_PRODUCT = YES;
			};
			name = Release;
		};
		DDDA99312A2356F10043C658 /* Debug */ = {
			isa = XCBuildConfiguration;
			buildSettings = {
				ASSETCATALOG_COMPILER_APPICON_NAME = AppIcon;
				ASSETCATALOG_COMPILER_GLOBAL_ACCENT_COLOR_NAME = AccentColor;
				CODE_SIGN_STYLE = Automatic;
				CURRENT_PROJECT_VERSION = 1;
				DEVELOPMENT_TEAM = WGV47WB79A;
				GENERATE_INFOPLIST_FILE = YES;
				INFOPLIST_FILE = RickAndMorth/Info.plist;
				INFOPLIST_KEY_UIApplicationSupportsIndirectInputEvents = YES;
				INFOPLIST_KEY_UILaunchStoryboardName = LaunchScreen;
				INFOPLIST_KEY_UISupportedInterfaceOrientations_iPad = "UIInterfaceOrientationPortrait UIInterfaceOrientationPortraitUpsideDown UIInterfaceOrientationLandscapeLeft UIInterfaceOrientationLandscapeRight";
				INFOPLIST_KEY_UISupportedInterfaceOrientations_iPhone = "UIInterfaceOrientationPortrait UIInterfaceOrientationLandscapeLeft UIInterfaceOrientationLandscapeRight";
				LD_RUNPATH_SEARCH_PATHS = (
					"$(inherited)",
					"@executable_path/Frameworks",
				);
				MARKETING_VERSION = 1.0;
				PRODUCT_BUNDLE_IDENTIFIER = com.gmail.RickAndMorth;
				PRODUCT_NAME = "$(TARGET_NAME)";
				SWIFT_EMIT_LOC_STRINGS = YES;
				SWIFT_VERSION = 5.0;
				TARGETED_DEVICE_FAMILY = "1,2";
			};
			name = Debug;
		};
		DDDA99322A2356F10043C658 /* Release */ = {
			isa = XCBuildConfiguration;
			buildSettings = {
				ASSETCATALOG_COMPILER_APPICON_NAME = AppIcon;
				ASSETCATALOG_COMPILER_GLOBAL_ACCENT_COLOR_NAME = AccentColor;
				CODE_SIGN_STYLE = Automatic;
				CURRENT_PROJECT_VERSION = 1;
				DEVELOPMENT_TEAM = WGV47WB79A;
				GENERATE_INFOPLIST_FILE = YES;
				INFOPLIST_FILE = RickAndMorth/Info.plist;
				INFOPLIST_KEY_UIApplicationSupportsIndirectInputEvents = YES;
				INFOPLIST_KEY_UILaunchStoryboardName = LaunchScreen;
				INFOPLIST_KEY_UISupportedInterfaceOrientations_iPad = "UIInterfaceOrientationPortrait UIInterfaceOrientationPortraitUpsideDown UIInterfaceOrientationLandscapeLeft UIInterfaceOrientationLandscapeRight";
				INFOPLIST_KEY_UISupportedInterfaceOrientations_iPhone = "UIInterfaceOrientationPortrait UIInterfaceOrientationLandscapeLeft UIInterfaceOrientationLandscapeRight";
				LD_RUNPATH_SEARCH_PATHS = (
					"$(inherited)",
					"@executable_path/Frameworks",
				);
				MARKETING_VERSION = 1.0;
				PRODUCT_BUNDLE_IDENTIFIER = com.gmail.RickAndMorth;
				PRODUCT_NAME = "$(TARGET_NAME)";
				SWIFT_EMIT_LOC_STRINGS = YES;
				SWIFT_VERSION = 5.0;
				TARGETED_DEVICE_FAMILY = "1,2";
			};
			name = Release;
		};
/* End XCBuildConfiguration section */

/* Begin XCConfigurationList section */
		DDDA99142A2356EE0043C658 /* Build configuration list for PBXProject "RickAndMorth" */ = {
			isa = XCConfigurationList;
			buildConfigurations = (
				DDDA992E2A2356F10043C658 /* Debug */,
				DDDA992F2A2356F10043C658 /* Release */,
			);
			defaultConfigurationIsVisible = 0;
			defaultConfigurationName = Release;
		};
		DDDA99302A2356F10043C658 /* Build configuration list for PBXNativeTarget "RickAndMorth" */ = {
			isa = XCConfigurationList;
			buildConfigurations = (
				DDDA99312A2356F10043C658 /* Debug */,
				DDDA99322A2356F10043C658 /* Release */,
			);
			defaultConfigurationIsVisible = 0;
			defaultConfigurationName = Release;
		};
/* End XCConfigurationList section */

/* Begin XCVersionGroup section */
		DDDA99252A2356EF0043C658 /* RickAndMorth.xcdatamodeld */ = {
			isa = XCVersionGroup;
			children = (
				DDDA99262A2356EF0043C658 /* RickAndMorth.xcdatamodel */,
			);
			currentVersion = DDDA99262A2356EF0043C658 /* RickAndMorth.xcdatamodel */;
			path = RickAndMorth.xcdatamodeld;
			sourceTree = "<group>";
			versionGroupType = wrapper.xcdatamodel;
		};
/* End XCVersionGroup section */
	};
	rootObject = DDDA99112A2356EE0043C658 /* Project object */;
}
